<?xml version="1.0" encoding="utf-8"?>
<Project ToolsVersion="4.0" xmlns="http://schemas.microsoft.com/developer/msbuild/2003">
  <ItemGroup>
    <Filter Include="src">
      <UniqueIdentifier>{d5c2cb6b-570e-4d87-b9d6-afa828b16c3f}</UniqueIdentifier>
    </Filter>
    <Filter Include="src\core">
      <UniqueIdentifier>{dfd34d3b-6881-4ef9-acd8-9ca3bb4d6009}</UniqueIdentifier>
    </Filter>
    <Filter Include="src\utils">
      <UniqueIdentifier>{ffe03429-be90-44f1-bba8-76cf056a40b7}</UniqueIdentifier>
    </Filter>
  </ItemGroup>
  <ItemGroup>
    <ClInclude Include="src\hal.h">
      <Filter>src</Filter>
    </ClInclude>
    <ClInclude Include="src\core\cpu_i8080.h">
      <Filter>src\core</Filter>
    </ClInclude>
    <ClInclude Include="src\core\debug_data.h">
      <Filter>src\core</Filter>
    </ClInclude>
    <ClInclude Include="src\core\debugger.h">
      <Filter>src\core</Filter>
    </ClInclude>
    <ClInclude Include="src\core\disasm.h">
      <Filter>src\core</Filter>
    </ClInclude>
    <ClInclude Include="src\core\display.h">
      <Filter>src\core</Filter>
    </ClInclude>
    <ClInclude Include="src\core\fdc_wd1793.h">
      <Filter>src\core</Filter>
    </ClInclude>
    <ClInclude Include="src\core\fdd_consts.h">
      <Filter>src\core</Filter>
    </ClInclude>
    <ClInclude Include="src\core\hardware.h">
      <Filter>src\core</Filter>
    </ClInclude>
    <ClInclude Include="src\core\io.h">
      <Filter>src\core</Filter>
    </ClInclude>
    <ClInclude Include="src\core\keyboard.h">
      <Filter>src\core</Filter>
    </ClInclude>
    <ClInclude Include="src\core\memory.h">
      <Filter>src\core</Filter>
    </ClInclude>
    <ClInclude Include="src\core\recorder.h">
      <Filter>src\core</Filter>
    </ClInclude>
    <ClInclude Include="src\core\sound_ay8910.h">
      <Filter>src\core</Filter>
    </ClInclude>
    <ClInclude Include="src\core\timer_i8253.h">
      <Filter>src\core</Filter>
    </ClInclude>
    <ClInclude Include="src\core\trace_log.h">
      <Filter>src\core</Filter>
    </ClInclude>
    <ClInclude Include="src\core\watchpoint.h">
      <Filter>src\core</Filter>
    </ClInclude>
    <ClInclude Include="src\core\watchpoints.h">
      <Filter>src\core</Filter>
    </ClInclude>
    <ClInclude Include="src\core\audio.h">
      <Filter>src\core</Filter>
    </ClInclude>
    <ClInclude Include="src\core\breakpoint.h">
      <Filter>src\core</Filter>
    </ClInclude>
    <ClInclude Include="src\core\breakpoints.h">
      <Filter>src\core</Filter>
    </ClInclude>
    <ClInclude Include="src\utils\consts.h">
      <Filter>src\utils</Filter>
    </ClInclude>
    <ClInclude Include="src\utils\json_utils.h">
      <Filter>src\utils</Filter>
    </ClInclude>
    <ClInclude Include="src\utils\result.h">
      <Filter>src\utils</Filter>
    </ClInclude>
    <ClInclude Include="src\utils\str_utils.h">
      <Filter>src\utils</Filter>
    </ClInclude>
    <ClInclude Include="src\utils\tqueue.h">
      <Filter>src\utils</Filter>
    </ClInclude>
    <ClInclude Include="src\utils\types.h">
      <Filter>src\utils</Filter>
    </ClInclude>
    <ClInclude Include="src\utils\utils.h">
      <Filter>src\utils</Filter>
    </ClInclude>
    <ClInclude Include="src\utils\args_parser.h">
      <Filter>src\utils</Filter>
    </ClInclude>
  </ItemGroup>
  <ItemGroup>
    <ClCompile Include="src\hal.cpp">
      <Filter>src</Filter>
    </ClCompile>
    <ClCompile Include="src\core\debug_data.cpp">
      <Filter>src\core</Filter>
    </ClCompile>
    <ClCompile Include="src\core\debugger.cpp">
      <Filter>src\core</Filter>
    </ClCompile>
    <ClCompile Include="src\core\disasm.cpp">
      <Filter>src\core</Filter>
    </ClCompile>
    <ClCompile Include="src\core\display.cpp">
      <Filter>src\core</Filter>
    </ClCompile>
    <ClCompile Include="src\core\fdc_wd1793.cpp">
      <Filter>src\core</Filter>
    </ClCompile>
    <ClCompile Include="src\core\hardware.cpp">
      <Filter>src\core</Filter>
    </ClCompile>
    <ClCompile Include="src\core\io.cpp">
      <Filter>src\core</Filter>
    </ClCompile>
    <ClCompile Include="src\core\keyboard.cpp">
      <Filter>src\core</Filter>
    </ClCompile>
    <ClCompile Include="src\core\memory.cpp">
      <Filter>src\core</Filter>
    </ClCompile>
    <ClCompile Include="src\core\recorder.cpp">
      <Filter>src\core</Filter>
    </ClCompile>
    <ClCompile Include="src\core\sound_ay8910.cpp">
      <Filter>src\core</Filter>
    </ClCompile>
    <ClCompile Include="src\core\timer_i8253.cpp">
      <Filter>src\core</Filter>
    </ClCompile>
    <ClCompile Include="src\core\trace_log.cpp">
      <Filter>src\core</Filter>
    </ClCompile>
    <ClCompile Include="src\core\watchpoint.cpp">
      <Filter>src\core</Filter>
    </ClCompile>
    <ClCompile Include="src\core\watchpoints.cpp">
      <Filter>src\core</Filter>
    </ClCompile>
    <ClCompile Include="src\core\audio.cpp">
      <Filter>src\core</Filter>
    </ClCompile>
    <ClCompile Include="src\core\breakpoint.cpp">
      <Filter>src\core</Filter>
    </ClCompile>
    <ClCompile Include="src\core\breakpoints.cpp">
      <Filter>src\core</Filter>
    </ClCompile>
    <ClCompile Include="src\core\cpu_i8080.cpp">
      <Filter>src\core</Filter>
    </ClCompile>
    <ClCompile Include="src\utils\json_utils.cpp">
      <Filter>src\utils</Filter>
    </ClCompile>
    <ClCompile Include="src\utils\str_utils.cpp">
      <Filter>src\utils</Filter>
    </ClCompile>
    <ClCompile Include="src\utils\utils.cpp">
      <Filter>src\utils</Filter>
    </ClCompile>
    <ClCompile Include="src\utils\args_parser.cpp">
      <Filter>src\utils</Filter>
    </ClCompile>
  </ItemGroup>
</Project>