<?xml version="1.0" encoding="utf-8"?>
<Project ToolsVersion="4.0" xmlns="http://schemas.microsoft.com/developer/msbuild/2003">
  <ItemGroup>
    <Filter Include="src">
      <UniqueIdentifier>{a1b8aea1-c65b-45e6-bbc8-2af2046a9ee6}</UniqueIdentifier>
    </Filter>
  </ItemGroup>
  <ItemGroup>
    <ClCompile Include="..\src\hal\dllmain.cpp">
      <Filter>src</Filter>
    </ClCompile>
  </ItemGroup>
</Project>